
Microsoft Visual Studio Solution File, Format Version 12.00
# Visual Studio Version 17
VisualStudioVersion = 17.3.32819.101
MinimumVisualStudioVersion = 10.0.40219.1
Project("{FAE04EC0-301F-11D3-BF4B-00C04F79EFBC}") = "BasicProgram195EmployUC7", "BasicProgram195EmployUC7.csproj", "{6348D8F9-3DF4-4C20-B470-C819D238F960}"
EndProject
Global
	GlobalSection(SolutionConfigurationPlatforms) = preSolution
		Debug|Any CPU = Debug|Any CPU
		Release|Any CPU = Release|Any CPU
	EndGlobalSection
	GlobalSection(ProjectConfigurationPlatforms) = postSolution
		{6348D8F9-3DF4-4C20-B470-C819D238F960}.Debug|Any CPU.ActiveCfg = Debug|Any CPU
		{6348D8F9-3DF4-4C20-B470-C819D238F960}.Debug|Any CPU.Build.0 = Debug|Any CPU
		{6348D8F9-3DF4-4C20-B470-C819D238F960}.Release|Any CPU.ActiveCfg = Release|Any CPU
		{6348D8F9-3DF4-4C20-B470-C819D238F960}.Release|Any CPU.Build.0 = Release|Any CPU
	EndGlobalSection
	GlobalSection(SolutionProperties) = preSolution
		HideSolutionNode = FALSE
	EndGlobalSection
	GlobalSection(ExtensibilityGlobals) = postSolution
		SolutionGuid = {5F87CC7E-2E1E-4ABC-B14A-0577D1B2450C}
	EndGlobalSection
EndGlobal
