
Microsoft Visual Studio Solution File, Format Version 12.00
# Visual Studio Version 17
VisualStudioVersion = 17.3.32819.101
MinimumVisualStudioVersion = 10.0.40219.1
Project("{FAE04EC0-301F-11D3-BF4B-00C04F79EFBC}") = "BasicProgram195EmployeUC5", "BasicProgram195EmployeUC5.csproj", "{98F55AFD-8E34-4863-BE98-C6BA8A11FD82}"
EndProject
Global
	GlobalSection(SolutionConfigurationPlatforms) = preSolution
		Debug|Any CPU = Debug|Any CPU
		Release|Any CPU = Release|Any CPU
	EndGlobalSection
	GlobalSection(ProjectConfigurationPlatforms) = postSolution
		{98F55AFD-8E34-4863-BE98-C6BA8A11FD82}.Debug|Any CPU.ActiveCfg = Debug|Any CPU
		{98F55AFD-8E34-4863-BE98-C6BA8A11FD82}.Debug|Any CPU.Build.0 = Debug|Any CPU
		{98F55AFD-8E34-4863-BE98-C6BA8A11FD82}.Release|Any CPU.ActiveCfg = Release|Any CPU
		{98F55AFD-8E34-4863-BE98-C6BA8A11FD82}.Release|Any CPU.Build.0 = Release|Any CPU
	EndGlobalSection
	GlobalSection(SolutionProperties) = preSolution
		HideSolutionNode = FALSE
	EndGlobalSection
	GlobalSection(ExtensibilityGlobals) = postSolution
		SolutionGuid = {D28F0912-4B4E-4CED-91B8-8292B0675061}
	EndGlobalSection
EndGlobal
