
Microsoft Visual Studio Solution File, Format Version 12.00
# Visual Studio Version 17
VisualStudioVersion = 17.3.32819.101
MinimumVisualStudioVersion = 10.0.40219.1
Project("{FAE04EC0-301F-11D3-BF4B-00C04F79EFBC}") = "BasicProgram195EmployeUC10", "BasicProgram195EmployeUC10.csproj", "{5D6B865B-85FF-4159-8A8A-3A34517DF827}"
EndProject
Global
	GlobalSection(SolutionConfigurationPlatforms) = preSolution
		Debug|Any CPU = Debug|Any CPU
		Release|Any CPU = Release|Any CPU
	EndGlobalSection
	GlobalSection(ProjectConfigurationPlatforms) = postSolution
		{5D6B865B-85FF-4159-8A8A-3A34517DF827}.Debug|Any CPU.ActiveCfg = Debug|Any CPU
		{5D6B865B-85FF-4159-8A8A-3A34517DF827}.Debug|Any CPU.Build.0 = Debug|Any CPU
		{5D6B865B-85FF-4159-8A8A-3A34517DF827}.Release|Any CPU.ActiveCfg = Release|Any CPU
		{5D6B865B-85FF-4159-8A8A-3A34517DF827}.Release|Any CPU.Build.0 = Release|Any CPU
	EndGlobalSection
	GlobalSection(SolutionProperties) = preSolution
		HideSolutionNode = FALSE
	EndGlobalSection
	GlobalSection(ExtensibilityGlobals) = postSolution
		SolutionGuid = {5AE1850D-EF14-4485-B71F-C7C8BE21EA0F}
	EndGlobalSection
EndGlobal
